
Microsoft Visual Studio Solution File, Format Version 12.00
# Visual Studio Version 17
VisualStudioVersion = 17.4.33213.308
MinimumVisualStudioVersion = 10.0.40219.1
Project("{9A19103F-16F7-4668-BE54-9A1E7A4F7556}") = "ConsoleApp1", "ConsoleApp1\ConsoleApp1.csproj", "{A2E56154-71D5-4C8E-97DB-737EC5E6DB09}"
EndProject
Project("{9A19103F-16F7-4668-BE54-9A1E7A4F7556}") = "TestProject1", "TestProject1\TestProject1.csproj", "{9140F79C-8620-4741-9149-EF47339C3E17}"
EndProject
Global
	GlobalSection(SolutionConfigurationPlatforms) = preSolution
		Debug|Any CPU = Debug|Any CPU
		Release|Any CPU = Release|Any CPU
	EndGlobalSection
	GlobalSection(ProjectConfigurationPlatforms) = postSolution
		{A2E56154-71D5-4C8E-97DB-737EC5E6DB09}.Debug|Any CPU.ActiveCfg = Debug|Any CPU
		{A2E56154-71D5-4C8E-97DB-737EC5E6DB09}.Debug|Any CPU.Build.0 = Debug|Any CPU
		{A2E56154-71D5-4C8E-97DB-737EC5E6DB09}.Release|Any CPU.ActiveCfg = Release|Any CPU
		{A2E56154-71D5-4C8E-97DB-737EC5E6DB09}.Release|Any CPU.Build.0 = Release|Any CPU
		{9140F79C-8620-4741-9149-EF47339C3E17}.Debug|Any CPU.ActiveCfg = Debug|Any CPU
		{9140F79C-8620-4741-9149-EF47339C3E17}.Debug|Any CPU.Build.0 = Debug|Any CPU
		{9140F79C-8620-4741-9149-EF47339C3E17}.Release|Any CPU.ActiveCfg = Release|Any CPU
		{9140F79C-8620-4741-9149-EF47339C3E17}.Release|Any CPU.Build.0 = Release|Any CPU
	EndGlobalSection
	GlobalSection(SolutionProperties) = preSolution
		HideSolutionNode = FALSE
	EndGlobalSection
	GlobalSection(ExtensibilityGlobals) = postSolution
		SolutionGuid = {4360B306-B66B-46BD-8719-0D9D0D85439C}
	EndGlobalSection
EndGlobal
